{
  "name": "ssm",
  "version": "0.0.0",
  "lockfileVersion": 1,
  "requires": true,
  "dependencies": {
    "@types/angular": {
      "version": "1.6.27",
      "resolved": "http://code.anyong.com.tw:4873/@types%2fangular/-/angular-1.6.27.tgz",
      "integrity": "sha512-wepfn6wCUsYKBt6yUP6hpptUweu6i/MAyDrFHMDayXgiQ5J5Istl48aogoeH/Z7sG1GoLZ7mVg1togq9QG3t0g=="
    }
  }
}
